// !$*UTF8*$!
{
	archiveVersion = 1;
	classes = {
	};
	objectVersion = 56;
	objects = {

/* Begin PBXBuildFile section */
		7A2D1C11299E5B4100E57AE1 /* minmaxpaluu.cpp in Sources */ = {isa = PBXBuildFile; fileRef = 7A2D1C10299E5B4100E57AE1 /* minmaxpaluu.cpp */; };
		7A42553E299B993C00A0512A /* ajastin.cpp in Sources */ = {isa = PBXBuildFile; fileRef = 7A42553D299B993C00A0512A /* ajastin.cpp */; };
		7A42BEA329B380B50038CF47 /* uci.cpp in Sources */ = {isa = PBXBuildFile; fileRef = 7A42BEA129B380B50038CF47 /* uci.cpp */; };
		7AC24376296D636800C589F0 /* main.cpp in Sources */ = {isa = PBXBuildFile; fileRef = 7AC24375296D636800C589F0 /* main.cpp */; };
		7AC24398296D641000C589F0 /* asema.cpp in Sources */ = {isa = PBXBuildFile; fileRef = 7AC24384296D641000C589F0 /* asema.cpp */; };
		7AC24399296D641000C589F0 /* nappula.cpp in Sources */ = {isa = PBXBuildFile; fileRef = 7AC24385296D641000C589F0 /* nappula.cpp */; };
		7AC2439B296D641000C589F0 /* ruutu.cpp in Sources */ = {isa = PBXBuildFile; fileRef = 7AC24389296D641000C589F0 /* ruutu.cpp */; };
		7AC2439C296D641000C589F0 /* kayttoliittyma.cpp in Sources */ = {isa = PBXBuildFile; fileRef = 7AC2438B296D641000C589F0 /* kayttoliittyma.cpp */; };
		7AC2439D296D641000C589F0 /* siirto.cpp in Sources */ = {isa = PBXBuildFile; fileRef = 7AC2438F296D641000C589F0 /* siirto.cpp */; };
		7AD35F6F29AE699C00409F6C /* kieli.cpp in Sources */ = {isa = PBXBuildFile; fileRef = 7AD35F6D29AE699C00409F6C /* kieli.cpp */; };
		7AD75F942986E6E5001EC37C /* varikoodit.cpp in Sources */ = {isa = PBXBuildFile; fileRef = 7AD75F922986E6E5001EC37C /* varikoodit.cpp */; };
		7ADF858629A8570300DD235C /* peli.cpp in Sources */ = {isa = PBXBuildFile; fileRef = 7ADF858429A8570300DD235C /* peli.cpp */; };
		7ADF858929A857D000DD235C /* pelaaja.cpp in Sources */ = {isa = PBXBuildFile; fileRef = 7ADF858729A857D000DD235C /* pelaaja.cpp */; };
/* End PBXBuildFile section */

/* Begin PBXFileReference section */
		7A2D1C10299E5B4100E57AE1 /* minmaxpaluu.cpp */ = {isa = PBXFileReference; fileEncoding = 4; lastKnownFileType = sourcecode.cpp.cpp; path = minmaxpaluu.cpp; sourceTree = "<group>"; };
		7A42553D299B993C00A0512A /* ajastin.cpp */ = {isa = PBXFileReference; lastKnownFileType = sourcecode.cpp.cpp; path = ajastin.cpp; sourceTree = "<group>"; };
		7A42BEA129B380B50038CF47 /* uci.cpp */ = {isa = PBXFileReference; fileEncoding = 4; lastKnownFileType = sourcecode.cpp.cpp; path = uci.cpp; sourceTree = "<group>"; };
		7A42BEA229B380B50038CF47 /* uci.h */ = {isa = PBXFileReference; fileEncoding = 4; lastKnownFileType = sourcecode.c.h; path = uci.h; sourceTree = "<group>"; };
		7A778A88299B948100EAA155 /* ajastin.h */ = {isa = PBXFileReference; lastKnownFileType = sourcecode.c.h; path = ajastin.h; sourceTree = "<group>"; };
		7AC24372296D636800C589F0 /* MegaShakkiBotti */ = {isa = PBXFileReference; explicitFileType = "compiled.mach-o.executable"; includeInIndex = 0; path = MegaShakkiBotti; sourceTree = BUILT_PRODUCTS_DIR; };
		7AC24375296D636800C589F0 /* main.cpp */ = {isa = PBXFileReference; lastKnownFileType = sourcecode.cpp.cpp; path = main.cpp; sourceTree = "<group>"; };
		7AC24381296D641000C589F0 /* kayttoliittyma.h */ = {isa = PBXFileReference; lastKnownFileType = sourcecode.c.h; path = kayttoliittyma.h; sourceTree = "<group>"; };
		7AC24384296D641000C589F0 /* asema.cpp */ = {isa = PBXFileReference; lastKnownFileType = sourcecode.cpp.cpp; path = asema.cpp; sourceTree = "<group>"; };
		7AC24385296D641000C589F0 /* nappula.cpp */ = {isa = PBXFileReference; lastKnownFileType = sourcecode.cpp.cpp; path = nappula.cpp; sourceTree = "<group>"; };
		7AC24387296D641000C589F0 /* minmaxpaluu.h */ = {isa = PBXFileReference; lastKnownFileType = sourcecode.c.h; path = minmaxpaluu.h; sourceTree = "<group>"; };
		7AC24389296D641000C589F0 /* ruutu.cpp */ = {isa = PBXFileReference; lastKnownFileType = sourcecode.cpp.cpp; path = ruutu.cpp; sourceTree = "<group>"; };
		7AC2438A296D641000C589F0 /* nappula.h */ = {isa = PBXFileReference; lastKnownFileType = sourcecode.c.h; path = nappula.h; sourceTree = "<group>"; };
		7AC2438B296D641000C589F0 /* kayttoliittyma.cpp */ = {isa = PBXFileReference; explicitFileType = sourcecode.cpp.objcpp; path = kayttoliittyma.cpp; sourceTree = "<group>"; };
		7AC2438C296D641000C589F0 /* asema.h */ = {isa = PBXFileReference; lastKnownFileType = sourcecode.c.h; path = asema.h; sourceTree = "<group>"; };
		7AC2438D296D641000C589F0 /* ruutu.h */ = {isa = PBXFileReference; lastKnownFileType = sourcecode.c.h; path = ruutu.h; sourceTree = "<group>"; };
		7AC2438E296D641000C589F0 /* siirto.h */ = {isa = PBXFileReference; lastKnownFileType = sourcecode.c.h; path = siirto.h; sourceTree = "<group>"; };
		7AC2438F296D641000C589F0 /* siirto.cpp */ = {isa = PBXFileReference; lastKnownFileType = sourcecode.cpp.cpp; path = siirto.cpp; sourceTree = "<group>"; };
		7AC4AE2F29B0344F00840C12 /* kielet.csv */ = {isa = PBXFileReference; fileEncoding = 4; lastKnownFileType = text; path = kielet.csv; sourceTree = "<group>"; };
		7AD35F6D29AE699C00409F6C /* kieli.cpp */ = {isa = PBXFileReference; lastKnownFileType = sourcecode.cpp.cpp; path = kieli.cpp; sourceTree = "<group>"; };
		7AD35F6E29AE699C00409F6C /* kieli.h */ = {isa = PBXFileReference; lastKnownFileType = sourcecode.c.h; path = kieli.h; sourceTree = "<group>"; };
		7AD75F922986E6E5001EC37C /* varikoodit.cpp */ = {isa = PBXFileReference; lastKnownFileType = sourcecode.cpp.cpp; path = varikoodit.cpp; sourceTree = "<group>"; };
		7AD75F932986E6E5001EC37C /* varikoodit.h */ = {isa = PBXFileReference; lastKnownFileType = sourcecode.c.h; path = varikoodit.h; sourceTree = "<group>"; };
		7ADF858429A8570300DD235C /* peli.cpp */ = {isa = PBXFileReference; lastKnownFileType = sourcecode.cpp.cpp; path = peli.cpp; sourceTree = "<group>"; };
		7ADF858529A8570300DD235C /* peli.h */ = {isa = PBXFileReference; lastKnownFileType = sourcecode.c.h; path = peli.h; sourceTree = "<group>"; };
		7ADF858729A857D000DD235C /* pelaaja.cpp */ = {isa = PBXFileReference; lastKnownFileType = sourcecode.cpp.cpp; path = pelaaja.cpp; sourceTree = "<group>"; };
		7ADF858829A857D000DD235C /* pelaaja.h */ = {isa = PBXFileReference; lastKnownFileType = sourcecode.c.h; path = pelaaja.h; sourceTree = "<group>"; };
/* End PBXFileReference section */

/* Begin PBXFrameworksBuildPhase section */
		7AC2436F296D636800C589F0 /* Frameworks */ = {
			isa = PBXFrameworksBuildPhase;
			buildActionMask = 2147483647;
			files = (
			);
			runOnlyForDeploymentPostprocessing = 0;
		};
/* End PBXFrameworksBuildPhase section */

/* Begin PBXGroup section */
		7AC24369296D636800C589F0 = {
			isa = PBXGroup;
			children = (
				7AC24374296D636800C589F0 /* MegaShakkiBotti */,
				7AC24373296D636800C589F0 /* Products */,
			);
			sourceTree = "<group>";
		};
		7AC24373296D636800C589F0 /* Products */ = {
			isa = PBXGroup;
			children = (
				7AC24372296D636800C589F0 /* MegaShakkiBotti */,
			);
			name = Products;
			sourceTree = "<group>";
		};
		7AC24374296D636800C589F0 /* MegaShakkiBotti */ = {
			isa = PBXGroup;
			children = (
				7AC4AE2F29B0344F00840C12 /* kielet.csv */,
				7A42BEA229B380B50038CF47 /* uci.h */,
				7A42BEA129B380B50038CF47 /* uci.cpp */,
				7AC24375296D636800C589F0 /* main.cpp */,
				7AC2438C296D641000C589F0 /* asema.h */,
				7AC24384296D641000C589F0 /* asema.cpp */,
				7AC24381296D641000C589F0 /* kayttoliittyma.h */,
				7AC2438B296D641000C589F0 /* kayttoliittyma.cpp */,
				7AC24387296D641000C589F0 /* minmaxpaluu.h */,
				7A2D1C10299E5B4100E57AE1 /* minmaxpaluu.cpp */,
				7AC2438A296D641000C589F0 /* nappula.h */,
				7AC24385296D641000C589F0 /* nappula.cpp */,
				7AC2438D296D641000C589F0 /* ruutu.h */,
				7AC24389296D641000C589F0 /* ruutu.cpp */,
				7AC2438E296D641000C589F0 /* siirto.h */,
				7AC2438F296D641000C589F0 /* siirto.cpp */,
				7AD75F932986E6E5001EC37C /* varikoodit.h */,
				7AD75F922986E6E5001EC37C /* varikoodit.cpp */,
				7A778A88299B948100EAA155 /* ajastin.h */,
				7A42553D299B993C00A0512A /* ajastin.cpp */,
				7ADF858529A8570300DD235C /* peli.h */,
				7ADF858429A8570300DD235C /* peli.cpp */,
				7ADF858829A857D000DD235C /* pelaaja.h */,
				7ADF858729A857D000DD235C /* pelaaja.cpp */,
				7AD35F6D29AE699C00409F6C /* kieli.cpp */,
				7AD35F6E29AE699C00409F6C /* kieli.h */,
			);
			path = MegaShakkiBotti;
			sourceTree = "<group>";
		};
/* End PBXGroup section */

/* Begin PBXNativeTarget section */
		7AC24371296D636800C589F0 /* MegaShakkiBotti */ = {
			isa = PBXNativeTarget;
			buildConfigurationList = 7AC24379296D636800C589F0 /* Build configuration list for PBXNativeTarget "MegaShakkiBotti" */;
			buildPhases = (
				7AC2436E296D636800C589F0 /* Sources */,
				7AC2436F296D636800C589F0 /* Frameworks */,
			);
			buildRules = (
			);
			dependencies = (
			);
			name = MegaShakkiBotti;
			productName = MegaShakkiBotti;
			productReference = 7AC24372296D636800C589F0 /* MegaShakkiBotti */;
			productType = "com.apple.product-type.tool";
		};
/* End PBXNativeTarget section */

/* Begin PBXProject section */
		7AC2436A296D636800C589F0 /* Project object */ = {
			isa = PBXProject;
			attributes = {
				BuildIndependentTargetsInParallel = 1;
				LastUpgradeCheck = 1420;
				TargetAttributes = {
					7AC24371296D636800C589F0 = {
						CreatedOnToolsVersion = 14.2;
					};
				};
			};
			buildConfigurationList = 7AC2436D296D636800C589F0 /* Build configuration list for PBXProject "MegaShakkiBotti" */;
			compatibilityVersion = "Xcode 14.0";
			developmentRegion = en;
			hasScannedForEncodings = 0;
			knownRegions = (
				en,
				Base,
			);
			mainGroup = 7AC24369296D636800C589F0;
			productRefGroup = 7AC24373296D636800C589F0 /* Products */;
			projectDirPath = "";
			projectRoot = "";
			targets = (
				7AC24371296D636800C589F0 /* MegaShakkiBotti */,
			);
		};
/* End PBXProject section */

/* Begin PBXSourcesBuildPhase section */
		7AC2436E296D636800C589F0 /* Sources */ = {
			isa = PBXSourcesBuildPhase;
			buildActionMask = 2147483647;
			files = (
				7AD75F942986E6E5001EC37C /* varikoodit.cpp in Sources */,
				7AC24398296D641000C589F0 /* asema.cpp in Sources */,
				7A42553E299B993C00A0512A /* ajastin.cpp in Sources */,
				7ADF858629A8570300DD235C /* peli.cpp in Sources */,
				7AD35F6F29AE699C00409F6C /* kieli.cpp in Sources */,
				7AC24399296D641000C589F0 /* nappula.cpp in Sources */,
				7AC2439C296D641000C589F0 /* kayttoliittyma.cpp in Sources */,
				7AC2439B296D641000C589F0 /* ruutu.cpp in Sources */,
				7AC24376296D636800C589F0 /* main.cpp in Sources */,
				7A2D1C11299E5B4100E57AE1 /* minmaxpaluu.cpp in Sources */,
				7A42BEA329B380B50038CF47 /* uci.cpp in Sources */,
				7AC2439D296D641000C589F0 /* siirto.cpp in Sources */,
				7ADF858929A857D000DD235C /* pelaaja.cpp in Sources */,
			);
			runOnlyForDeploymentPostprocessing = 0;
		};
/* End PBXSourcesBuildPhase section */

/* Begin XCBuildConfiguration section */
		7AC24377296D636800C589F0 /* Debug */ = {
			isa = XCBuildConfiguration;
			buildSettings = {
				ALWAYS_SEARCH_USER_PATHS = NO;
				CLANG_ANALYZER_NONNULL = YES;
				CLANG_ANALYZER_NUMBER_OBJECT_CONVERSION = YES_AGGRESSIVE;
				CLANG_CXX_LANGUAGE_STANDARD = "gnu++20";
				CLANG_ENABLE_MODULES = YES;
				CLANG_ENABLE_OBJC_ARC = YES;
				CLANG_ENABLE_OBJC_WEAK = YES;
				CLANG_WARN_BLOCK_CAPTURE_AUTORELEASING = YES;
				CLANG_WARN_BOOL_CONVERSION = YES;
				CLANG_WARN_COMMA = YES;
				CLANG_WARN_CONSTANT_CONVERSION = YES;
				CLANG_WARN_DEPRECATED_OBJC_IMPLEMENTATIONS = YES;
				CLANG_WARN_DIRECT_OBJC_ISA_USAGE = YES_ERROR;
				CLANG_WARN_DOCUMENTATION_COMMENTS = YES;
				CLANG_WARN_EMPTY_BODY = YES;
				CLANG_WARN_ENUM_CONVERSION = YES;
				CLANG_WARN_INFINITE_RECURSION = YES;
				CLANG_WARN_INT_CONVERSION = YES;
				CLANG_WARN_NON_LITERAL_NULL_CONVERSION = YES;
				CLANG_WARN_OBJC_IMPLICIT_RETAIN_SELF = YES;
				CLANG_WARN_OBJC_LITERAL_CONVERSION = YES;
				CLANG_WARN_OBJC_ROOT_CLASS = YES_ERROR;
				CLANG_WARN_QUOTED_INCLUDE_IN_FRAMEWORK_HEADER = YES;
				CLANG_WARN_RANGE_LOOP_ANALYSIS = YES;
				CLANG_WARN_STRICT_PROTOTYPES = YES;
				CLANG_WARN_SUSPICIOUS_MOVE = YES;
				CLANG_WARN_UNGUARDED_AVAILABILITY = YES_AGGRESSIVE;
				CLANG_WARN_UNREACHABLE_CODE = YES;
				CLANG_WARN__DUPLICATE_METHOD_MATCH = YES;
				COPY_PHASE_STRIP = NO;
				DEBUG_INFORMATION_FORMAT = dwarf;
				ENABLE_STRICT_OBJC_MSGSEND = YES;
				ENABLE_TESTABILITY = YES;
				GCC_C_LANGUAGE_STANDARD = gnu11;
				GCC_DYNAMIC_NO_PIC = NO;
				GCC_NO_COMMON_BLOCKS = YES;
				GCC_OPTIMIZATION_LEVEL = 0;
				GCC_PREPROCESSOR_DEFINITIONS = (
					"DEBUG=1",
					"$(inherited)",
				);
				GCC_WARN_64_TO_32_BIT_CONVERSION = YES;
				GCC_WARN_ABOUT_RETURN_TYPE = YES_ERROR;
				GCC_WARN_UNDECLARED_SELECTOR = YES;
				GCC_WARN_UNINITIALIZED_AUTOS = YES_AGGRESSIVE;
				GCC_WARN_UNUSED_FUNCTION = YES;
				GCC_WARN_UNUSED_VARIABLE = YES;
				MACOSX_DEPLOYMENT_TARGET = 13.1;
				MTL_ENABLE_DEBUG_INFO = INCLUDE_SOURCE;
				MTL_FAST_MATH = YES;
				ONLY_ACTIVE_ARCH = YES;
				SDKROOT = macosx;
			};
			name = Debug;
		};
		7AC24378296D636800C589F0 /* Release */ = {
			isa = XCBuildConfiguration;
			buildSettings = {
				ALWAYS_SEARCH_USER_PATHS = NO;
				CLANG_ANALYZER_NONNULL = YES;
				CLANG_ANALYZER_NUMBER_OBJECT_CONVERSION = YES_AGGRESSIVE;
				CLANG_CXX_LANGUAGE_STANDARD = "gnu++20";
				CLANG_ENABLE_MODULES = YES;
				CLANG_ENABLE_OBJC_ARC = YES;
				CLANG_ENABLE_OBJC_WEAK = YES;
				CLANG_WARN_BLOCK_CAPTURE_AUTORELEASING = YES;
				CLANG_WARN_BOOL_CONVERSION = YES;
				CLANG_WARN_COMMA = YES;
				CLANG_WARN_CONSTANT_CONVERSION = YES;
				CLANG_WARN_DEPRECATED_OBJC_IMPLEMENTATIONS = YES;
				CLANG_WARN_DIRECT_OBJC_ISA_USAGE = YES_ERROR;
				CLANG_WARN_DOCUMENTATION_COMMENTS = YES;
				CLANG_WARN_EMPTY_BODY = YES;
				CLANG_WARN_ENUM_CONVERSION = YES;
				CLANG_WARN_INFINITE_RECURSION = YES;
				CLANG_WARN_INT_CONVERSION = YES;
				CLANG_WARN_NON_LITERAL_NULL_CONVERSION = YES;
				CLANG_WARN_OBJC_IMPLICIT_RETAIN_SELF = YES;
				CLANG_WARN_OBJC_LITERAL_CONVERSION = YES;
				CLANG_WARN_OBJC_ROOT_CLASS = YES_ERROR;
				CLANG_WARN_QUOTED_INCLUDE_IN_FRAMEWORK_HEADER = YES;
				CLANG_WARN_RANGE_LOOP_ANALYSIS = YES;
				CLANG_WARN_STRICT_PROTOTYPES = YES;
				CLANG_WARN_SUSPICIOUS_MOVE = YES;
				CLANG_WARN_UNGUARDED_AVAILABILITY = YES_AGGRESSIVE;
				CLANG_WARN_UNREACHABLE_CODE = YES;
				CLANG_WARN__DUPLICATE_METHOD_MATCH = YES;
				COPY_PHASE_STRIP = NO;
				DEBUG_INFORMATION_FORMAT = "dwarf-with-dsym";
				ENABLE_NS_ASSERTIONS = NO;
				ENABLE_STRICT_OBJC_MSGSEND = YES;
				GCC_C_LANGUAGE_STANDARD = gnu11;
				GCC_NO_COMMON_BLOCKS = YES;
				GCC_WARN_64_TO_32_BIT_CONVERSION = YES;
				GCC_WARN_ABOUT_RETURN_TYPE = YES_ERROR;
				GCC_WARN_UNDECLARED_SELECTOR = YES;
				GCC_WARN_UNINITIALIZED_AUTOS = YES_AGGRESSIVE;
				GCC_WARN_UNUSED_FUNCTION = YES;
				GCC_WARN_UNUSED_VARIABLE = YES;
				MACOSX_DEPLOYMENT_TARGET = 13.1;
				MTL_ENABLE_DEBUG_INFO = NO;
				MTL_FAST_MATH = YES;
				SDKROOT = macosx;
			};
			name = Release;
		};
		7AC2437A296D636800C589F0 /* Debug */ = {
			isa = XCBuildConfiguration;
			buildSettings = {
				CLANG_CXX_LANGUAGE_STANDARD = "c++17";
				"CODE_SIGN_IDENTITY[sdk=macosx*]" = "-";
				CODE_SIGN_STYLE = Manual;
				DEVELOPMENT_TEAM = "";
				ENABLE_HARDENED_RUNTIME = YES;
				PRODUCT_NAME = "$(TARGET_NAME)";
				PROVISIONING_PROFILE_SPECIFIER = "";
			};
			name = Debug;
		};
		7AC2437B296D636800C589F0 /* Release */ = {
			isa = XCBuildConfiguration;
			buildSettings = {
				CLANG_CXX_LANGUAGE_STANDARD = "c++17";
				"CODE_SIGN_IDENTITY[sdk=macosx*]" = "-";
				CODE_SIGN_STYLE = Manual;
				DEVELOPMENT_TEAM = "";
				ENABLE_HARDENED_RUNTIME = YES;
				PRODUCT_NAME = "$(TARGET_NAME)";
				PROVISIONING_PROFILE_SPECIFIER = "";
			};
			name = Release;
		};
/* End XCBuildConfiguration section */

/* Begin XCConfigurationList section */
		7AC2436D296D636800C589F0 /* Build configuration list for PBXProject "MegaShakkiBotti" */ = {
			isa = XCConfigurationList;
			buildConfigurations = (
				7AC24377296D636800C589F0 /* Debug */,
				7AC24378296D636800C589F0 /* Release */,
			);
			defaultConfigurationIsVisible = 0;
			defaultConfigurationName = Release;
		};
		7AC24379296D636800C589F0 /* Build configuration list for PBXNativeTarget "MegaShakkiBotti" */ = {
			isa = XCConfigurationList;
			buildConfigurations = (
				7AC2437A296D636800C589F0 /* Debug */,
				7AC2437B296D636800C589F0 /* Release */,
			);
			defaultConfigurationIsVisible = 0;
			defaultConfigurationName = Release;
		};
/* End XCConfigurationList section */
	};
	rootObject = 7AC2436A296D636800C589F0 /* Project object */;
}
